// !$*UTF8*$!
{
	archiveVersion = 1;
	classes = {
	};
	objectVersion = 50;
	objects = {

/* Begin PBXBuildFile section */
		8C07B21022084B5300B65725 /* AppDelegate.swift in Sources */ = {isa = PBXBuildFile; fileRef = 8C07B20F22084B5300B65725 /* AppDelegate.swift */; };
		8C07B21222084B5300B65725 /* ViewController.swift in Sources */ = {isa = PBXBuildFile; fileRef = 8C07B21122084B5300B65725 /* ViewController.swift */; };
		8C07B21522084B5300B65725 /* Main.storyboard in Resources */ = {isa = PBXBuildFile; fileRef = 8C07B21322084B5300B65725 /* Main.storyboard */; };
		8C07B21722084B5500B65725 /* Assets.xcassets in Resources */ = {isa = PBXBuildFile; fileRef = 8C07B21622084B5500B65725 /* Assets.xcassets */; };
		8C07B21A22084B5500B65725 /* LaunchScreen.storyboard in Resources */ = {isa = PBXBuildFile; fileRef = 8C07B21822084B5500B65725 /* LaunchScreen.storyboard */; };
		8C63894E22159BF800A901F4 /* CustomView.xib in Resources */ = {isa = PBXBuildFile; fileRef = 8C63894D22159BF800A901F4 /* CustomView.xib */; };
		8C63895022159CA700A901F4 /* CustomView.swift in Sources */ = {isa = PBXBuildFile; fileRef = 8C63894F22159CA700A901F4 /* CustomView.swift */; };
		8C9A7D802216BEBE00F4FDBA /* ListTableViewCell.swift in Sources */ = {isa = PBXBuildFile; fileRef = 8C9A7D7E2216BEBE00F4FDBA /* ListTableViewCell.swift */; };
		8C9A7D812216BEBE00F4FDBA /* ListTableViewCell.xib in Resources */ = {isa = PBXBuildFile; fileRef = 8C9A7D7F2216BEBE00F4FDBA /* ListTableViewCell.xib */; };
/* End PBXBuildFile section */

/* Begin PBXFileReference section */
		8C07B20C22084B5300B65725 /* SimpleDropDownMenu.app */ = {isa = PBXFileReference; explicitFileType = wrapper.application; includeInIndex = 0; path = SimpleDropDownMenu.app; sourceTree = BUILT_PRODUCTS_DIR; };
		8C07B20F22084B5300B65725 /* AppDelegate.swift */ = {isa = PBXFileReference; lastKnownFileType = sourcecode.swift; path = AppDelegate.swift; sourceTree = "<group>"; };
		8C07B21122084B5300B65725 /* ViewController.swift */ = {isa = PBXFileReference; lastKnownFileType = sourcecode.swift; path = ViewController.swift; sourceTree = "<group>"; };
		8C07B21422084B5300B65725 /* Base */ = {isa = PBXFileReference; lastKnownFileType = file.storyboard; name = Base; path = Base.lproj/Main.storyboard; sourceTree = "<group>"; };
		8C07B21622084B5500B65725 /* Assets.xcassets */ = {isa = PBXFileReference; lastKnownFileType = folder.assetcatalog; path = Assets.xcassets; sourceTree = "<group>"; };
		8C07B21922084B5500B65725 /* Base */ = {isa = PBXFileReference; lastKnownFileType = file.storyboard; name = Base; path = Base.lproj/LaunchScreen.storyboard; sourceTree = "<group>"; };
		8C07B21B22084B5500B65725 /* Info.plist */ = {isa = PBXFileReference; lastKnownFileType = text.plist.xml; path = Info.plist; sourceTree = "<group>"; };
		8C63894D22159BF800A901F4 /* CustomView.xib */ = {isa = PBXFileReference; lastKnownFileType = file.xib; path = CustomView.xib; sourceTree = "<group>"; };
		8C63894F22159CA700A901F4 /* CustomView.swift */ = {isa = PBXFileReference; lastKnownFileType = sourcecode.swift; path = CustomView.swift; sourceTree = "<group>"; };
		8C9A7D7E2216BEBE00F4FDBA /* ListTableViewCell.swift */ = {isa = PBXFileReference; lastKnownFileType = sourcecode.swift; path = ListTableViewCell.swift; sourceTree = "<group>"; };
		8C9A7D7F2216BEBE00F4FDBA /* ListTableViewCell.xib */ = {isa = PBXFileReference; lastKnownFileType = file.xib; path = ListTableViewCell.xib; sourceTree = "<group>"; };
/* End PBXFileReference section */

/* Begin PBXFrameworksBuildPhase section */
		8C07B20922084B5300B65725 /* Frameworks */ = {
			isa = PBXFrameworksBuildPhase;
			buildActionMask = 2147483647;
			files = (
			);
			runOnlyForDeploymentPostprocessing = 0;
		};
/* End PBXFrameworksBuildPhase section */

/* Begin PBXGroup section */
		8C07B20322084B5300B65725 = {
			isa = PBXGroup;
			children = (
				8C07B20E22084B5300B65725 /* SimpleDropDownMenu */,
				8C07B20D22084B5300B65725 /* Products */,
			);
			sourceTree = "<group>";
		};
		8C07B20D22084B5300B65725 /* Products */ = {
			isa = PBXGroup;
			children = (
				8C07B20C22084B5300B65725 /* SimpleDropDownMenu.app */,
			);
			name = Products;
			sourceTree = "<group>";
		};
		8C07B20E22084B5300B65725 /* SimpleDropDownMenu */ = {
			isa = PBXGroup;
			children = (
				8C07B20F22084B5300B65725 /* AppDelegate.swift */,
				8C07B21122084B5300B65725 /* ViewController.swift */,
				8C63894F22159CA700A901F4 /* CustomView.swift */,
				8C9A7D7E2216BEBE00F4FDBA /* ListTableViewCell.swift */,
				8C9A7D7F2216BEBE00F4FDBA /* ListTableViewCell.xib */,
				8C07B21322084B5300B65725 /* Main.storyboard */,
				8C63894D22159BF800A901F4 /* CustomView.xib */,
				8C07B21622084B5500B65725 /* Assets.xcassets */,
				8C07B21822084B5500B65725 /* LaunchScreen.storyboard */,
				8C07B21B22084B5500B65725 /* Info.plist */,
			);
			path = SimpleDropDownMenu;
			sourceTree = "<group>";
		};
/* End PBXGroup section */

/* Begin PBXNativeTarget section */
		8C07B20B22084B5300B65725 /* SimpleDropDownMenu */ = {
			isa = PBXNativeTarget;
			buildConfigurationList = 8C07B21E22084B5500B65725 /* Build configuration list for PBXNativeTarget "SimpleDropDownMenu" */;
			buildPhases = (
				8C07B20822084B5300B65725 /* Sources */,
				8C07B20922084B5300B65725 /* Frameworks */,
				8C07B20A22084B5300B65725 /* Resources */,
			);
			buildRules = (
			);
			dependencies = (
			);
			name = SimpleDropDownMenu;
			productName = UICreationComponent;
			productReference = 8C07B20C22084B5300B65725 /* SimpleDropDownMenu.app */;
			productType = "com.apple.product-type.application";
		};
/* End PBXNativeTarget section */

/* Begin PBXProject section */
		8C07B20422084B5300B65725 /* Project object */ = {
			isa = PBXProject;
			attributes = {
				LastSwiftUpdateCheck = 1010;
				LastUpgradeCheck = 1010;
				ORGANIZATIONNAME = "Rahul Umap";
				TargetAttributes = {
					8C07B20B22084B5300B65725 = {
						CreatedOnToolsVersion = 10.1;
					};
				};
			};
			buildConfigurationList = 8C07B20722084B5300B65725 /* Build configuration list for PBXProject "SimpleDropDownMenu" */;
			compatibilityVersion = "Xcode 9.3";
			developmentRegion = en;
			hasScannedForEncodings = 0;
			knownRegions = (
				en,
				Base,
			);
			mainGroup = 8C07B20322084B5300B65725;
			productRefGroup = 8C07B20D22084B5300B65725 /* Products */;
			projectDirPath = "";
			projectRoot = "";
			targets = (
				8C07B20B22084B5300B65725 /* SimpleDropDownMenu */,
			);
		};
/* End PBXProject section */

/* Begin PBXResourcesBuildPhase section */
		8C07B20A22084B5300B65725 /* Resources */ = {
			isa = PBXResourcesBuildPhase;
			buildActionMask = 2147483647;
			files = (
				8C07B21A22084B5500B65725 /* LaunchScreen.storyboard in Resources */,
				8C63894E22159BF800A901F4 /* CustomView.xib in Resources */,
				8C07B21722084B5500B65725 /* Assets.xcassets in Resources */,
				8C07B21522084B5300B65725 /* Main.storyboard in Resources */,
				8C9A7D812216BEBE00F4FDBA /* ListTableViewCell.xib in Resources */,
			);
			runOnlyForDeploymentPostprocessing = 0;
		};
/* End PBXResourcesBuildPhase section */

/* Begin PBXSourcesBuildPhase section */
		8C07B20822084B5300B65725 /* Sources */ = {
			isa = PBXSourcesBuildPhase;
			buildActionMask = 2147483647;
			files = (
				8C63895022159CA700A901F4 /* CustomView.swift in Sources */,
				8C07B21222084B5300B65725 /* ViewController.swift in Sources */,
				8C07B21022084B5300B65725 /* AppDelegate.swift in Sources */,
				8C9A7D802216BEBE00F4FDBA /* ListTableViewCell.swift in Sources */,
			);
			runOnlyForDeploymentPostprocessing = 0;
		};
/* End PBXSourcesBuildPhase section */

/* Begin PBXVariantGroup section */
		8C07B21322084B5300B65725 /* Main.storyboard */ = {
			isa = PBXVariantGroup;
			children = (
				8C07B21422084B5300B65725 /* Base */,
			);
			name = Main.storyboard;
			sourceTree = "<group>";
		};
		8C07B21822084B5500B65725 /* LaunchScreen.storyboard */ = {
			isa = PBXVariantGroup;
			children = (
				8C07B21922084B5500B65725 /* Base */,
			);
			name = LaunchScreen.storyboard;
			sourceTree = "<group>";
		};
/* End PBXVariantGroup section */

/* Begin XCBuildConfiguration section */
		8C07B21C22084B5500B65725 /* Debug */ = {
			isa = XCBuildConfiguration;
			buildSettings = {
				ALWAYS_SEARCH_USER_PATHS = NO;
				CLANG_ANALYZER_NONNULL = YES;
				CLANG_ANALYZER_NUMBER_OBJECT_CONVERSION = YES_AGGRESSIVE;
				CLANG_CXX_LANGUAGE_STANDARD = "gnu++14";
				CLANG_CXX_LIBRARY = "libc++";
				CLANG_ENABLE_MODULES = YES;
				CLANG_ENABLE_OBJC_ARC = YES;
				CLANG_ENABLE_OBJC_WEAK = YES;
				CLANG_WARN_BLOCK_CAPTURE_AUTORELEASING = YES;
				CLANG_WARN_BOOL_CONVERSION = YES;
				CLANG_WARN_COMMA = YES;
				CLANG_WARN_CONSTANT_CONVERSION = YES;
				CLANG_WARN_DEPRECATED_OBJC_IMPLEMENTATIONS = YES;
				CLANG_WARN_DIRECT_OBJC_ISA_USAGE = YES_ERROR;
				CLANG_WARN_DOCUMENTATION_COMMENTS = YES;
				CLANG_WARN_EMPTY_BODY = YES;
				CLANG_WARN_ENUM_CONVERSION = YES;
				CLANG_WARN_INFINITE_RECURSION = YES;
				CLANG_WARN_INT_CONVERSION = YES;
				CLANG_WARN_NON_LITERAL_NULL_CONVERSION = YES;
				CLANG_WARN_OBJC_IMPLICIT_RETAIN_SELF = YES;
				CLANG_WARN_OBJC_LITERAL_CONVERSION = YES;
				CLANG_WARN_OBJC_ROOT_CLASS = YES_ERROR;
				CLANG_WARN_RANGE_LOOP_ANALYSIS = YES;
				CLANG_WARN_STRICT_PROTOTYPES = YES;
				CLANG_WARN_SUSPICIOUS_MOVE = YES;
				CLANG_WARN_UNGUARDED_AVAILABILITY = YES_AGGRESSIVE;
				CLANG_WARN_UNREACHABLE_CODE = YES;
				CLANG_WARN__DUPLICATE_METHOD_MATCH = YES;
				CODE_SIGN_IDENTITY = "iPhone Developer";
				COPY_PHASE_STRIP = NO;
				DEBUG_INFORMATION_FORMAT = dwarf;
				ENABLE_STRICT_OBJC_MSGSEND = YES;
				ENABLE_TESTABILITY = YES;
				GCC_C_LANGUAGE_STANDARD = gnu11;
				GCC_DYNAMIC_NO_PIC = NO;
				GCC_NO_COMMON_BLOCKS = YES;
				GCC_OPTIMIZATION_LEVEL = 0;
				GCC_PREPROCESSOR_DEFINITIONS = (
					"DEBUG=1",
					"$(inherited)",
				);
				GCC_WARN_64_TO_32_BIT_CONVERSION = YES;
				GCC_WARN_ABOUT_RETURN_TYPE = YES_ERROR;
				GCC_WARN_UNDECLARED_SELECTOR = YES;
				GCC_WARN_UNINITIALIZED_AUTOS = YES_AGGRESSIVE;
				GCC_WARN_UNUSED_FUNCTION = YES;
				GCC_WARN_UNUSED_VARIABLE = YES;
				IPHONEOS_DEPLOYMENT_TARGET = 12.1;
				MTL_ENABLE_DEBUG_INFO = INCLUDE_SOURCE;
				MTL_FAST_MATH = YES;
				ONLY_ACTIVE_ARCH = YES;
				SDKROOT = iphoneos;
				SWIFT_ACTIVE_COMPILATION_CONDITIONS = DEBUG;
				SWIFT_OPTIMIZATION_LEVEL = "-Onone";
			};
			name = Debug;
		};
		8C07B21D22084B5500B65725 /* Release */ = {
			isa = XCBuildConfiguration;
			buildSettings = {
				ALWAYS_SEARCH_USER_PATHS = NO;
				CLANG_ANALYZER_NONNULL = YES;
				CLANG_ANALYZER_NUMBER_OBJECT_CONVERSION = YES_AGGRESSIVE;
				CLANG_CXX_LANGUAGE_STANDARD = "gnu++14";
				CLANG_CXX_LIBRARY = "libc++";
				CLANG_ENABLE_MODULES = YES;
				CLANG_ENABLE_OBJC_ARC = YES;
				CLANG_ENABLE_OBJC_WEAK = YES;
				CLANG_WARN_BLOCK_CAPTURE_AUTORELEASING = YES;
				CLANG_WARN_BOOL_CONVERSION = YES;
				CLANG_WARN_COMMA = YES;
				CLANG_WARN_CONSTANT_CONVERSION = YES;
				CLANG_WARN_DEPRECATED_OBJC_IMPLEMENTATIONS = YES;
				CLANG_WARN_DIRECT_OBJC_ISA_USAGE = YES_ERROR;
				CLANG_WARN_DOCUMENTATION_COMMENTS = YES;
				CLANG_WARN_EMPTY_BODY = YES;
				CLANG_WARN_ENUM_CONVERSION = YES;
				CLANG_WARN_INFINITE_RECURSION = YES;
				CLANG_WARN_INT_CONVERSION = YES;
				CLANG_WARN_NON_LITERAL_NULL_CONVERSION = YES;
				CLANG_WARN_OBJC_IMPLICIT_RETAIN_SELF = YES;
				CLANG_WARN_OBJC_LITERAL_CONVERSION = YES;
				CLANG_WARN_OBJC_ROOT_CLASS = YES_ERROR;
				CLANG_WARN_RANGE_LOOP_ANALYSIS = YES;
				CLANG_WARN_STRICT_PROTOTYPES = YES;
				CLANG_WARN_SUSPICIOUS_MOVE = YES;
				CLANG_WARN_UNGUARDED_AVAILABILITY = YES_AGGRESSIVE;
				CLANG_WARN_UNREACHABLE_CODE = YES;
				CLANG_WARN__DUPLICATE_METHOD_MATCH = YES;
				CODE_SIGN_IDENTITY = "iPhone Developer";
				COPY_PHASE_STRIP = NO;
				DEBUG_INFORMATION_FORMAT = "dwarf-with-dsym";
				ENABLE_NS_ASSERTIONS = NO;
				ENABLE_STRICT_OBJC_MSGSEND = YES;
				GCC_C_LANGUAGE_STANDARD = gnu11;
				GCC_NO_COMMON_BLOCKS = YES;
				GCC_WARN_64_TO_32_BIT_CONVERSION = YES;
				GCC_WARN_ABOUT_RETURN_TYPE = YES_ERROR;
				GCC_WARN_UNDECLARED_SELECTOR = YES;
				GCC_WARN_UNINITIALIZED_AUTOS = YES_AGGRESSIVE;
				GCC_WARN_UNUSED_FUNCTION = YES;
				GCC_WARN_UNUSED_VARIABLE = YES;
				IPHONEOS_DEPLOYMENT_TARGET = 12.1;
				MTL_ENABLE_DEBUG_INFO = NO;
				MTL_FAST_MATH = YES;
				SDKROOT = iphoneos;
				SWIFT_COMPILATION_MODE = wholemodule;
				SWIFT_OPTIMIZATION_LEVEL = "-O";
				VALIDATE_PRODUCT = YES;
			};
			name = Release;
		};
		8C07B21F22084B5500B65725 /* Debug */ = {
			isa = XCBuildConfiguration;
			buildSettings = {
				ASSETCATALOG_COMPILER_APPICON_NAME = AppIcon;
				CODE_SIGN_STYLE = Automatic;
				DEVELOPMENT_TEAM = E643U2KPYB;
				INFOPLIST_FILE = "$(SRCROOT)/SimpleDropDownMenu/Info.plist";
				LD_RUNPATH_SEARCH_PATHS = (
					"$(inherited)",
					"@executable_path/Frameworks",
				);
				PRODUCT_BUNDLE_IDENTIFIER = com.codewalla.UICreationComponent;
				PRODUCT_NAME = "$(TARGET_NAME)";
				SWIFT_VERSION = 4.2;
				TARGETED_DEVICE_FAMILY = "1,2";
			};
			name = Debug;
		};
		8C07B22022084B5500B65725 /* Release */ = {
			isa = XCBuildConfiguration;
			buildSettings = {
				ASSETCATALOG_COMPILER_APPICON_NAME = AppIcon;
				CODE_SIGN_STYLE = Automatic;
				DEVELOPMENT_TEAM = E643U2KPYB;
				INFOPLIST_FILE = "$(SRCROOT)/SimpleDropDownMenu/Info.plist";
				LD_RUNPATH_SEARCH_PATHS = (
					"$(inherited)",
					"@executable_path/Frameworks",
				);
				PRODUCT_BUNDLE_IDENTIFIER = com.codewalla.UICreationComponent;
				PRODUCT_NAME = "$(TARGET_NAME)";
				SWIFT_VERSION = 4.2;
				TARGETED_DEVICE_FAMILY = "1,2";
			};
			name = Release;
		};
/* End XCBuildConfiguration section */

/* Begin XCConfigurationList section */
		8C07B20722084B5300B65725 /* Build configuration list for PBXProject "SimpleDropDownMenu" */ = {
			isa = XCConfigurationList;
			buildConfigurations = (
				8C07B21C22084B5500B65725 /* Debug */,
				8C07B21D22084B5500B65725 /* Release */,
			);
			defaultConfigurationIsVisible = 0;
			defaultConfigurationName = Release;
		};
		8C07B21E22084B5500B65725 /* Build configuration list for PBXNativeTarget "SimpleDropDownMenu" */ = {
			isa = XCConfigurationList;
			buildConfigurations = (
				8C07B21F22084B5500B65725 /* Debug */,
				8C07B22022084B5500B65725 /* Release */,
			);
			defaultConfigurationIsVisible = 0;
			defaultConfigurationName = Release;
		};
/* End XCConfigurationList section */
	};
	rootObject = 8C07B20422084B5300B65725 /* Project object */;
}
